{
  "name": "urai-spatial-monorepo",
  "lockfileVersion": 3,
  "requires": true,
  "packages": {
    "": {
      "name": "urai-spatial-monorepo",
      "dependencies": {
        "three": "^0.183.2",
        "zustand": "^5.0.11"
      },
      "devDependencies": {
        "pnpm": "^8.0.0"
      }
    },
    "node_modules/pnpm": {
      "version": "8.15.9",
      "resolved": "https://registry.npmjs.org/pnpm/-/pnpm-8.15.9.tgz",
      "integrity": "sha512-SZQ0ydj90aJ5Tr9FUrOyXApjOrzuW7Fee13pDzL0e1E6ypjNXP0AHDHw20VLw4BO3M1XhQHkyik6aBYWa72fgQ==",
      "dev": true,
      "license": "MIT",
      "bin": {
        "pnpm": "bin/pnpm.cjs",
        "pnpx": "bin/pnpx.cjs"
      },
      "engines": {
        "node": ">=16.14"
      },
      "funding": {
        "url": "https://opencollective.com/pnpm"
      }
    },
    "node_modules/three": {
      "version": "0.183.2",
      "resolved": "https://registry.npmjs.org/three/-/three-0.183.2.tgz",
      "integrity": "sha512-di3BsL2FEQ1PA7Hcvn4fyJOlxRRgFYBpMTcyOgkwJIaDOdJMebEFPA+t98EvjuljDx4hNulAGwF6KIjtwI5jgQ==",
      "license": "MIT"
    },
    "node_modules/zustand": {
      "version": "5.0.11",
      "resolved": "https://registry.npmjs.org/zustand/-/zustand-5.0.11.tgz",
      "integrity": "sha512-fdZY+dk7zn/vbWNCYmzZULHRrss0jx5pPFiOuMZ/5HJN6Yv3u+1Wswy/4MpZEkEGhtNH+pwxZB8OKgUBPzYAGg==",
      "license": "MIT",
      "engines": {
        "node": ">=12.20.0"
      },
      "peerDependencies": {
        "@types/react": ">=18.0.0",
        "immer": ">=9.0.6",
        "react": ">=18.0.0",
        "use-sync-external-store": ">=1.2.0"
      },
      "peerDependenciesMeta": {
        "@types/react": {
          "optional": true
        },
        "immer": {
          "optional": true
        },
        "react": {
          "optional": true
        },
        "use-sync-external-store": {
          "optional": true
        }
      }
    }
  }
}
